
Microsoft Visual Studio Solution File, Format Version 12.00
# Visual Studio Version 16
VisualStudioVersion = 16.0.31321.278
MinimumVisualStudioVersion = 10.0.40219.1
Project("{9A19103F-16F7-4668-BE54-9A1E7A4F7556}") = "PruebaTec.Gbso.Api", "PruebaTec.Gbso.Api\PruebaTec.Gbso.Api.csproj", "{B39CCD79-0FC5-48D8-B0CC-EFED43235D1E}"
EndProject
Project("{9A19103F-16F7-4668-BE54-9A1E7A4F7556}") = "PruebaTec.Gbso.Bll", "PruebaTec.Gbso.Bll\PruebaTec.Gbso.Bll.csproj", "{B2E62D28-14BD-43C3-BCA2-F4F537727D53}"
EndProject
Project("{9A19103F-16F7-4668-BE54-9A1E7A4F7556}") = "PruebaTec.Gbso.Dal", "PruebaTec.Gbso.Dal\PruebaTec.Gbso.Dal.csproj", "{DC6677A0-2ADB-4C78-B078-4F178889074D}"
EndProject
Project("{9A19103F-16F7-4668-BE54-9A1E7A4F7556}") = "PruebaTec.Gbso.Models", "PruebaTec.Gbso.Models\PruebaTec.Gbso.Models.csproj", "{7CA6FA3E-92DC-46CC-9C79-B0488EF9B9AE}"
EndProject
Project("{9A19103F-16F7-4668-BE54-9A1E7A4F7556}") = "PruebaTec.Gbso.Dtos", "PruebaTec.Gbso.Dtos\PruebaTec.Gbso.Dtos.csproj", "{05E1698A-3DCE-4BD2-AA60-BBE803560CE7}"
EndProject
Global
	GlobalSection(SolutionConfigurationPlatforms) = preSolution
		Debug|Any CPU = Debug|Any CPU
		Release|Any CPU = Release|Any CPU
	EndGlobalSection
	GlobalSection(ProjectConfigurationPlatforms) = postSolution
		{B39CCD79-0FC5-48D8-B0CC-EFED43235D1E}.Debug|Any CPU.ActiveCfg = Debug|Any CPU
		{B39CCD79-0FC5-48D8-B0CC-EFED43235D1E}.Debug|Any CPU.Build.0 = Debug|Any CPU
		{B39CCD79-0FC5-48D8-B0CC-EFED43235D1E}.Release|Any CPU.ActiveCfg = Release|Any CPU
		{B39CCD79-0FC5-48D8-B0CC-EFED43235D1E}.Release|Any CPU.Build.0 = Release|Any CPU
		{B2E62D28-14BD-43C3-BCA2-F4F537727D53}.Debug|Any CPU.ActiveCfg = Debug|Any CPU
		{B2E62D28-14BD-43C3-BCA2-F4F537727D53}.Debug|Any CPU.Build.0 = Debug|Any CPU
		{B2E62D28-14BD-43C3-BCA2-F4F537727D53}.Release|Any CPU.ActiveCfg = Release|Any CPU
		{B2E62D28-14BD-43C3-BCA2-F4F537727D53}.Release|Any CPU.Build.0 = Release|Any CPU
		{DC6677A0-2ADB-4C78-B078-4F178889074D}.Debug|Any CPU.ActiveCfg = Debug|Any CPU
		{DC6677A0-2ADB-4C78-B078-4F178889074D}.Debug|Any CPU.Build.0 = Debug|Any CPU
		{DC6677A0-2ADB-4C78-B078-4F178889074D}.Release|Any CPU.ActiveCfg = Release|Any CPU
		{DC6677A0-2ADB-4C78-B078-4F178889074D}.Release|Any CPU.Build.0 = Release|Any CPU
		{7CA6FA3E-92DC-46CC-9C79-B0488EF9B9AE}.Debug|Any CPU.ActiveCfg = Debug|Any CPU
		{7CA6FA3E-92DC-46CC-9C79-B0488EF9B9AE}.Debug|Any CPU.Build.0 = Debug|Any CPU
		{7CA6FA3E-92DC-46CC-9C79-B0488EF9B9AE}.Release|Any CPU.ActiveCfg = Release|Any CPU
		{7CA6FA3E-92DC-46CC-9C79-B0488EF9B9AE}.Release|Any CPU.Build.0 = Release|Any CPU
		{05E1698A-3DCE-4BD2-AA60-BBE803560CE7}.Debug|Any CPU.ActiveCfg = Debug|Any CPU
		{05E1698A-3DCE-4BD2-AA60-BBE803560CE7}.Debug|Any CPU.Build.0 = Debug|Any CPU
		{05E1698A-3DCE-4BD2-AA60-BBE803560CE7}.Release|Any CPU.ActiveCfg = Release|Any CPU
		{05E1698A-3DCE-4BD2-AA60-BBE803560CE7}.Release|Any CPU.Build.0 = Release|Any CPU
	EndGlobalSection
	GlobalSection(SolutionProperties) = preSolution
		HideSolutionNode = FALSE
	EndGlobalSection
	GlobalSection(ExtensibilityGlobals) = postSolution
		SolutionGuid = {9B3DF82F-5146-404F-9746-51F2C46FBC70}
	EndGlobalSection
EndGlobal
